
Microsoft Visual Studio Solution File, Format Version 12.00
# Visual Studio Version 16
VisualStudioVersion = 16.0.29411.108
MinimumVisualStudioVersion = 10.0.40219.1
Project("{2150E333-8FDC-42A3-9474-1A3956D46DE8}") = "src", "src", "{A548AE43-2948-421B-B4EF-547F80ABAC23}"
EndProject
Project("{2150E333-8FDC-42A3-9474-1A3956D46DE8}") = "1 - Service", "1 - Service", "{B02C397D-2610-4A17-8E14-884E3524078E}"
EndProject
Project("{2150E333-8FDC-42A3-9474-1A3956D46DE8}") = "2 - Application", "2 - Application", "{BA58F232-F882-465C-90A2-F8B09B23A5C0}"
EndProject
Project("{2150E333-8FDC-42A3-9474-1A3956D46DE8}") = "3 - Domain", "3 - Domain", "{BD4E40CF-9F1C-4AFD-A4D7-734BC31EC96D}"
EndProject
Project("{2150E333-8FDC-42A3-9474-1A3956D46DE8}") = "4 - Infra", "4 - Infra", "{DF798A47-B509-4C6B-ABD1-0DABC7DC3D55}"
EndProject
Project("{2150E333-8FDC-42A3-9474-1A3956D46DE8}") = "tests", "tests", "{BB6DCA94-511E-4253-8215-D255C9923EAE}"
EndProject
Project("{9A19103F-16F7-4668-BE54-9A1E7A4F7556}") = "RabbitMq.Poc.Api", "src\RabbitMq.Poc.Api\RabbitMq.Poc.Api.csproj", "{A1670EA3-09D7-4661-9B9A-8EAADEE03294}"
EndProject
Project("{9A19103F-16F7-4668-BE54-9A1E7A4F7556}") = "RabbitMq.Poc.Domain", "src\RabbitMq.Poc.Domain\RabbitMq.Poc.Domain.csproj", "{F76FFCC2-F904-4F30-88A2-8C8EC3988CAD}"
EndProject
Project("{2150E333-8FDC-42A3-9474-1A3956D46DE8}") = "4.1 Data", "4.1 Data", "{0EB21AF9-C575-4A4B-88BD-2A59C69AC1FE}"
EndProject
Project("{2150E333-8FDC-42A3-9474-1A3956D46DE8}") = "4.2 CrossCutting", "4.2 CrossCutting", "{5C72AC87-D3FF-4369-97D6-A6C894D80C7A}"
EndProject
Project("{9A19103F-16F7-4668-BE54-9A1E7A4F7556}") = "RabbitMq.Poc.Application", "src\RabbitMq.Poc.Application\RabbitMq.Poc.Application.csproj", "{55D1BFE4-8301-4DB1-AE07-58CDD2940E04}"
EndProject
Project("{9A19103F-16F7-4668-BE54-9A1E7A4F7556}") = "RabbitMq.Poc.Infra.CC.EventBus", "src\RabbitMq.Poc.Infra.CC.EventBus\RabbitMq.Poc.Infra.CC.EventBus.csproj", "{E42FD43E-5C53-4731-8CB6-845438162DAF}"
EndProject
Project("{9A19103F-16F7-4668-BE54-9A1E7A4F7556}") = "RabbitMq.Poc.Infra.CC.Ioc", "src\RabbitMq.Poc.Infra.CC.Ioc\RabbitMq.Poc.Infra.CC.Ioc.csproj", "{4C4190DB-3D4F-4EF5-864C-03F03CF91EB2}"
EndProject
Global
	GlobalSection(SolutionConfigurationPlatforms) = preSolution
		Debug|Any CPU = Debug|Any CPU
		Release|Any CPU = Release|Any CPU
	EndGlobalSection
	GlobalSection(ProjectConfigurationPlatforms) = postSolution
		{A1670EA3-09D7-4661-9B9A-8EAADEE03294}.Debug|Any CPU.ActiveCfg = Debug|Any CPU
		{A1670EA3-09D7-4661-9B9A-8EAADEE03294}.Debug|Any CPU.Build.0 = Debug|Any CPU
		{A1670EA3-09D7-4661-9B9A-8EAADEE03294}.Release|Any CPU.ActiveCfg = Release|Any CPU
		{A1670EA3-09D7-4661-9B9A-8EAADEE03294}.Release|Any CPU.Build.0 = Release|Any CPU
		{F76FFCC2-F904-4F30-88A2-8C8EC3988CAD}.Debug|Any CPU.ActiveCfg = Debug|Any CPU
		{F76FFCC2-F904-4F30-88A2-8C8EC3988CAD}.Debug|Any CPU.Build.0 = Debug|Any CPU
		{F76FFCC2-F904-4F30-88A2-8C8EC3988CAD}.Release|Any CPU.ActiveCfg = Release|Any CPU
		{F76FFCC2-F904-4F30-88A2-8C8EC3988CAD}.Release|Any CPU.Build.0 = Release|Any CPU
		{55D1BFE4-8301-4DB1-AE07-58CDD2940E04}.Debug|Any CPU.ActiveCfg = Debug|Any CPU
		{55D1BFE4-8301-4DB1-AE07-58CDD2940E04}.Debug|Any CPU.Build.0 = Debug|Any CPU
		{55D1BFE4-8301-4DB1-AE07-58CDD2940E04}.Release|Any CPU.ActiveCfg = Release|Any CPU
		{55D1BFE4-8301-4DB1-AE07-58CDD2940E04}.Release|Any CPU.Build.0 = Release|Any CPU
		{E42FD43E-5C53-4731-8CB6-845438162DAF}.Debug|Any CPU.ActiveCfg = Debug|Any CPU
		{E42FD43E-5C53-4731-8CB6-845438162DAF}.Debug|Any CPU.Build.0 = Debug|Any CPU
		{E42FD43E-5C53-4731-8CB6-845438162DAF}.Release|Any CPU.ActiveCfg = Release|Any CPU
		{E42FD43E-5C53-4731-8CB6-845438162DAF}.Release|Any CPU.Build.0 = Release|Any CPU
		{4C4190DB-3D4F-4EF5-864C-03F03CF91EB2}.Debug|Any CPU.ActiveCfg = Debug|Any CPU
		{4C4190DB-3D4F-4EF5-864C-03F03CF91EB2}.Debug|Any CPU.Build.0 = Debug|Any CPU
		{4C4190DB-3D4F-4EF5-864C-03F03CF91EB2}.Release|Any CPU.ActiveCfg = Release|Any CPU
		{4C4190DB-3D4F-4EF5-864C-03F03CF91EB2}.Release|Any CPU.Build.0 = Release|Any CPU
	EndGlobalSection
	GlobalSection(SolutionProperties) = preSolution
		HideSolutionNode = FALSE
	EndGlobalSection
	GlobalSection(NestedProjects) = preSolution
		{B02C397D-2610-4A17-8E14-884E3524078E} = {A548AE43-2948-421B-B4EF-547F80ABAC23}
		{BA58F232-F882-465C-90A2-F8B09B23A5C0} = {A548AE43-2948-421B-B4EF-547F80ABAC23}
		{BD4E40CF-9F1C-4AFD-A4D7-734BC31EC96D} = {A548AE43-2948-421B-B4EF-547F80ABAC23}
		{DF798A47-B509-4C6B-ABD1-0DABC7DC3D55} = {A548AE43-2948-421B-B4EF-547F80ABAC23}
		{A1670EA3-09D7-4661-9B9A-8EAADEE03294} = {B02C397D-2610-4A17-8E14-884E3524078E}
		{F76FFCC2-F904-4F30-88A2-8C8EC3988CAD} = {BD4E40CF-9F1C-4AFD-A4D7-734BC31EC96D}
		{0EB21AF9-C575-4A4B-88BD-2A59C69AC1FE} = {DF798A47-B509-4C6B-ABD1-0DABC7DC3D55}
		{5C72AC87-D3FF-4369-97D6-A6C894D80C7A} = {DF798A47-B509-4C6B-ABD1-0DABC7DC3D55}
		{55D1BFE4-8301-4DB1-AE07-58CDD2940E04} = {BA58F232-F882-465C-90A2-F8B09B23A5C0}
		{E42FD43E-5C53-4731-8CB6-845438162DAF} = {5C72AC87-D3FF-4369-97D6-A6C894D80C7A}
		{4C4190DB-3D4F-4EF5-864C-03F03CF91EB2} = {5C72AC87-D3FF-4369-97D6-A6C894D80C7A}
	EndGlobalSection
	GlobalSection(ExtensibilityGlobals) = postSolution
		SolutionGuid = {EC94DF0A-2BDD-4DBA-A7C0-B3EE63E80F4D}
	EndGlobalSection
EndGlobal
